
Microsoft Visual Studio Solution File, Format Version 12.00
# Visual Studio 14
VisualStudioVersion = 14.0.24720.0
MinimumVisualStudioVersion = 10.0.40219.1
Project("{FAE04EC0-301F-11D3-BF4B-00C04F79EFBC}") = "Northwest-Football", "Northwest-Football\Northwest-Football.csproj", "{14278969-AFE6-421F-987D-1E20925D1BB3}"
EndProject
Project("{FAE04EC0-301F-11D3-BF4B-00C04F79EFBC}") = "Northwest-Football.Tests", "Northwest-Football.Tests\Northwest-Football.Tests.csproj", "{5611E6D5-91FA-4B82-B7DF-0DE166FB4631}"
EndProject
Global
	GlobalSection(SolutionConfigurationPlatforms) = preSolution
		Debug|Any CPU = Debug|Any CPU
		Release|Any CPU = Release|Any CPU
	EndGlobalSection
	GlobalSection(ProjectConfigurationPlatforms) = postSolution
		{14278969-AFE6-421F-987D-1E20925D1BB3}.Debug|Any CPU.ActiveCfg = Debug|Any CPU
		{14278969-AFE6-421F-987D-1E20925D1BB3}.Debug|Any CPU.Build.0 = Debug|Any CPU
		{14278969-AFE6-421F-987D-1E20925D1BB3}.Release|Any CPU.ActiveCfg = Release|Any CPU
		{14278969-AFE6-421F-987D-1E20925D1BB3}.Release|Any CPU.Build.0 = Release|Any CPU
		{5611E6D5-91FA-4B82-B7DF-0DE166FB4631}.Debug|Any CPU.ActiveCfg = Debug|Any CPU
		{5611E6D5-91FA-4B82-B7DF-0DE166FB4631}.Debug|Any CPU.Build.0 = Debug|Any CPU
		{5611E6D5-91FA-4B82-B7DF-0DE166FB4631}.Release|Any CPU.ActiveCfg = Release|Any CPU
		{5611E6D5-91FA-4B82-B7DF-0DE166FB4631}.Release|Any CPU.Build.0 = Release|Any CPU
	EndGlobalSection
	GlobalSection(SolutionProperties) = preSolution
		HideSolutionNode = FALSE
	EndGlobalSection
EndGlobal
